
Microsoft Visual Studio Solution File, Format Version 12.00
# Visual Studio 15
VisualStudioVersion = 15.0.27004.2005
MinimumVisualStudioVersion = 10.0.40219.1
Project("{FAE04EC0-301F-11D3-BF4B-00C04F79EFBC}") = "Gui", "Gui\Gui.csproj", "{835F468E-9E3B-4B96-AB08-387695872699}"
EndProject
Project("{FAE04EC0-301F-11D3-BF4B-00C04F79EFBC}") = "AwanturaLib", "AwanturaLib\AwanturaLib.csproj", "{7EDB88F3-B5D2-4B87-AEE8-A368E905BD18}"
EndProject
Project("{FAE04EC0-301F-11D3-BF4B-00C04F79EFBC}") = "ConsoleApp", "ConsoleApp\ConsoleApp.csproj", "{CA30F66D-E5CC-477B-832E-43E7B040A0EB}"
EndProject
Project("{FAE04EC0-301F-11D3-BF4B-00C04F79EFBC}") = "AwanturaTests", "AwanturaTests\AwanturaTests.csproj", "{BABB95BD-FB54-4D8D-A886-9F7540B5B159}"
EndProject
Global
	GlobalSection(SolutionConfigurationPlatforms) = preSolution
		Debug|Any CPU = Debug|Any CPU
		Release|Any CPU = Release|Any CPU
	EndGlobalSection
	GlobalSection(ProjectConfigurationPlatforms) = postSolution
		{835F468E-9E3B-4B96-AB08-387695872699}.Debug|Any CPU.ActiveCfg = Debug|Any CPU
		{835F468E-9E3B-4B96-AB08-387695872699}.Debug|Any CPU.Build.0 = Debug|Any CPU
		{835F468E-9E3B-4B96-AB08-387695872699}.Release|Any CPU.ActiveCfg = Release|Any CPU
		{835F468E-9E3B-4B96-AB08-387695872699}.Release|Any CPU.Build.0 = Release|Any CPU
		{7EDB88F3-B5D2-4B87-AEE8-A368E905BD18}.Debug|Any CPU.ActiveCfg = Debug|Any CPU
		{7EDB88F3-B5D2-4B87-AEE8-A368E905BD18}.Debug|Any CPU.Build.0 = Debug|Any CPU
		{7EDB88F3-B5D2-4B87-AEE8-A368E905BD18}.Release|Any CPU.ActiveCfg = Release|Any CPU
		{7EDB88F3-B5D2-4B87-AEE8-A368E905BD18}.Release|Any CPU.Build.0 = Release|Any CPU
		{CA30F66D-E5CC-477B-832E-43E7B040A0EB}.Debug|Any CPU.ActiveCfg = Debug|Any CPU
		{CA30F66D-E5CC-477B-832E-43E7B040A0EB}.Debug|Any CPU.Build.0 = Debug|Any CPU
		{CA30F66D-E5CC-477B-832E-43E7B040A0EB}.Release|Any CPU.ActiveCfg = Release|Any CPU
		{CA30F66D-E5CC-477B-832E-43E7B040A0EB}.Release|Any CPU.Build.0 = Release|Any CPU
		{BABB95BD-FB54-4D8D-A886-9F7540B5B159}.Debug|Any CPU.ActiveCfg = Debug|Any CPU
		{BABB95BD-FB54-4D8D-A886-9F7540B5B159}.Debug|Any CPU.Build.0 = Debug|Any CPU
		{BABB95BD-FB54-4D8D-A886-9F7540B5B159}.Release|Any CPU.ActiveCfg = Release|Any CPU
		{BABB95BD-FB54-4D8D-A886-9F7540B5B159}.Release|Any CPU.Build.0 = Release|Any CPU
	EndGlobalSection
	GlobalSection(SolutionProperties) = preSolution
		HideSolutionNode = FALSE
	EndGlobalSection
	GlobalSection(ExtensibilityGlobals) = postSolution
		SolutionGuid = {47642154-0D66-4F8F-AC79-A7A3BF8BDB06}
	EndGlobalSection
EndGlobal
